// !$*UTF8*$!
{
	archiveVersion = 1;
	classes = {
	};
	objectVersion = 56;
	objects = {

/* Begin PBXBuildFile section */
		0416CFBE2B20B56000F81AFE /* plusFMApp.swift in Sources */ = {isa = PBXBuildFile; fileRef = 0416CFBD2B20B56000F81AFE /* plusFMApp.swift */; };
		0416CFC02B20B56000F81AFE /* ContentView.swift in Sources */ = {isa = PBXBuildFile; fileRef = 0416CFBF2B20B56000F81AFE /* ContentView.swift */; };
		0416CFC22B20B56300F81AFE /* Assets.xcassets in Resources */ = {isa = PBXBuildFile; fileRef = 0416CFC12B20B56300F81AFE /* Assets.xcassets */; };
		0416CFC52B20B56300F81AFE /* Preview Assets.xcassets in Resources */ = {isa = PBXBuildFile; fileRef = 0416CFC42B20B56300F81AFE /* Preview Assets.xcassets */; };
		0416CFCA2B20B56300F81AFE /* plusFM.xcdatamodeld in Sources */ = {isa = PBXBuildFile; fileRef = 0416CFC82B20B56300F81AFE /* plusFM.xcdatamodeld */; };
		0416CFD52B20B56300F81AFE /* plusFMTests.swift in Sources */ = {isa = PBXBuildFile; fileRef = 0416CFD42B20B56300F81AFE /* plusFMTests.swift */; };
		0416CFDF2B20B56300F81AFE /* plusFMUITests.swift in Sources */ = {isa = PBXBuildFile; fileRef = 0416CFDE2B20B56300F81AFE /* plusFMUITests.swift */; };
		0416CFE12B20B56300F81AFE /* plusFMUITestsLaunchTests.swift in Sources */ = {isa = PBXBuildFile; fileRef = 0416CFE02B20B56300F81AFE /* plusFMUITestsLaunchTests.swift */; };
		0416CFF02B20D52500F81AFE /* Launch Screen.storyboard in Resources */ = {isa = PBXBuildFile; fileRef = 0416CFEF2B20D52500F81AFE /* Launch Screen.storyboard */; };
		0416CFF42B20F1CE00F81AFE /* TabBar.swift in Sources */ = {isa = PBXBuildFile; fileRef = 0416CFF32B20F1CE00F81AFE /* TabBar.swift */; };
		0416CFF92B20F89600F81AFE /* Colors.swift in Sources */ = {isa = PBXBuildFile; fileRef = 0416CFF82B20F89600F81AFE /* Colors.swift */; };
		0416CFFB2B21080000F81AFE /* CustomShape.swift in Sources */ = {isa = PBXBuildFile; fileRef = 0416CFFA2B21080000F81AFE /* CustomShape.swift */; };
		0416D0052B21188B00F81AFE /* StreamView.swift in Sources */ = {isa = PBXBuildFile; fileRef = 0416D0042B21188B00F81AFE /* StreamView.swift */; };
		0416D0072B21189B00F81AFE /* HomeView.swift in Sources */ = {isa = PBXBuildFile; fileRef = 0416D0062B21189B00F81AFE /* HomeView.swift */; };
		0416D0092B2118A900F81AFE /* MoreView.swift in Sources */ = {isa = PBXBuildFile; fileRef = 0416D0082B2118A900F81AFE /* MoreView.swift */; };
		0416D00B2B211EB800F81AFE /* NoView.swift in Sources */ = {isa = PBXBuildFile; fileRef = 0416D00A2B211EB800F81AFE /* NoView.swift */; };
		0416D00D2B21214E00F81AFE /* ViewExtension.swift in Sources */ = {isa = PBXBuildFile; fileRef = 0416D00C2B21214E00F81AFE /* ViewExtension.swift */; };
		0416D0102B2127FE00F81AFE /* RectSoundShape.swift in Sources */ = {isa = PBXBuildFile; fileRef = 0416D00F2B2127FE00F81AFE /* RectSoundShape.swift */; };
		0416D0132B21522C00F81AFE /* NavigationBar.swift in Sources */ = {isa = PBXBuildFile; fileRef = 0416D0122B21522C00F81AFE /* NavigationBar.swift */; };
		0416D0192B216C5B00F81AFE /* SocialMedia.swift in Sources */ = {isa = PBXBuildFile; fileRef = 0416D0182B216C5B00F81AFE /* SocialMedia.swift */; };
		0416D01C2B22016200F81AFE /* AboutUs.swift in Sources */ = {isa = PBXBuildFile; fileRef = 0416D01B2B22016200F81AFE /* AboutUs.swift */; };
		0416D01F2B22099700F81AFE /* Language.swift in Sources */ = {isa = PBXBuildFile; fileRef = 0416D01E2B22099700F81AFE /* Language.swift */; };
		0416D0272B223EE900F81AFE /* SquareShapeSound.swift in Sources */ = {isa = PBXBuildFile; fileRef = 0416D0262B223EE900F81AFE /* SquareShapeSound.swift */; };
		0416D02A2B223FE400F81AFE /* HomeGridItem.swift in Sources */ = {isa = PBXBuildFile; fileRef = 0416D0292B223FE400F81AFE /* HomeGridItem.swift */; };
		0416D02D2B226C6B00F81AFE /* ThemesScreen.swift in Sources */ = {isa = PBXBuildFile; fileRef = 0416D02C2B226C6B00F81AFE /* ThemesScreen.swift */; };
		0416D0302B226D7E00F81AFE /* Themes.swift in Sources */ = {isa = PBXBuildFile; fileRef = 0416D02F2B226D7E00F81AFE /* Themes.swift */; };
		0416D0332B2402D100F81AFE /* LibraryScreen.swift in Sources */ = {isa = PBXBuildFile; fileRef = 0416D0322B2402D100F81AFE /* LibraryScreen.swift */; };
		0499BC052B28CA5F00CD7B9A /* AudioPlayerManager.swift in Sources */ = {isa = PBXBuildFile; fileRef = 0499BC042B28CA5F00CD7B9A /* AudioPlayerManager.swift */; };
/* End PBXBuildFile section */

/* Begin PBXContainerItemProxy section */
		0416CFD12B20B56300F81AFE /* PBXContainerItemProxy */ = {
			isa = PBXContainerItemProxy;
			containerPortal = 0416CFB22B20B56000F81AFE /* Project object */;
			proxyType = 1;
			remoteGlobalIDString = 0416CFB92B20B56000F81AFE;
			remoteInfo = plusFM;
		};
		0416CFDB2B20B56300F81AFE /* PBXContainerItemProxy */ = {
			isa = PBXContainerItemProxy;
			containerPortal = 0416CFB22B20B56000F81AFE /* Project object */;
			proxyType = 1;
			remoteGlobalIDString = 0416CFB92B20B56000F81AFE;
			remoteInfo = plusFM;
		};
/* End PBXContainerItemProxy section */

/* Begin PBXFileReference section */
		0416CFBA2B20B56000F81AFE /* plusFM.app */ = {isa = PBXFileReference; explicitFileType = wrapper.application; includeInIndex = 0; path = plusFM.app; sourceTree = BUILT_PRODUCTS_DIR; };
		0416CFBD2B20B56000F81AFE /* plusFMApp.swift */ = {isa = PBXFileReference; lastKnownFileType = sourcecode.swift; path = plusFMApp.swift; sourceTree = "<group>"; };
		0416CFBF2B20B56000F81AFE /* ContentView.swift */ = {isa = PBXFileReference; lastKnownFileType = sourcecode.swift; path = ContentView.swift; sourceTree = "<group>"; };
		0416CFC12B20B56300F81AFE /* Assets.xcassets */ = {isa = PBXFileReference; lastKnownFileType = folder.assetcatalog; path = Assets.xcassets; sourceTree = "<group>"; };
		0416CFC42B20B56300F81AFE /* Preview Assets.xcassets */ = {isa = PBXFileReference; lastKnownFileType = folder.assetcatalog; path = "Preview Assets.xcassets"; sourceTree = "<group>"; };
		0416CFC92B20B56300F81AFE /* plusFM.xcdatamodel */ = {isa = PBXFileReference; lastKnownFileType = wrapper.xcdatamodel; path = plusFM.xcdatamodel; sourceTree = "<group>"; };
		0416CFCB2B20B56300F81AFE /* Info.plist */ = {isa = PBXFileReference; lastKnownFileType = text.plist.xml; path = Info.plist; sourceTree = "<group>"; };
		0416CFD02B20B56300F81AFE /* plusFMTests.xctest */ = {isa = PBXFileReference; explicitFileType = wrapper.cfbundle; includeInIndex = 0; path = plusFMTests.xctest; sourceTree = BUILT_PRODUCTS_DIR; };
		0416CFD42B20B56300F81AFE /* plusFMTests.swift */ = {isa = PBXFileReference; lastKnownFileType = sourcecode.swift; path = plusFMTests.swift; sourceTree = "<group>"; };
		0416CFDA2B20B56300F81AFE /* plusFMUITests.xctest */ = {isa = PBXFileReference; explicitFileType = wrapper.cfbundle; includeInIndex = 0; path = plusFMUITests.xctest; sourceTree = BUILT_PRODUCTS_DIR; };
		0416CFDE2B20B56300F81AFE /* plusFMUITests.swift */ = {isa = PBXFileReference; lastKnownFileType = sourcecode.swift; path = plusFMUITests.swift; sourceTree = "<group>"; };
		0416CFE02B20B56300F81AFE /* plusFMUITestsLaunchTests.swift */ = {isa = PBXFileReference; lastKnownFileType = sourcecode.swift; path = plusFMUITestsLaunchTests.swift; sourceTree = "<group>"; };
		0416CFEF2B20D52500F81AFE /* Launch Screen.storyboard */ = {isa = PBXFileReference; lastKnownFileType = file.storyboard; path = "Launch Screen.storyboard"; sourceTree = "<group>"; };
		0416CFF32B20F1CE00F81AFE /* TabBar.swift */ = {isa = PBXFileReference; lastKnownFileType = sourcecode.swift; path = TabBar.swift; sourceTree = "<group>"; };
		0416CFF82B20F89600F81AFE /* Colors.swift */ = {isa = PBXFileReference; lastKnownFileType = sourcecode.swift; path = Colors.swift; sourceTree = "<group>"; };
		0416CFFA2B21080000F81AFE /* CustomShape.swift */ = {isa = PBXFileReference; lastKnownFileType = sourcecode.swift; path = CustomShape.swift; sourceTree = "<group>"; };
		0416D0042B21188B00F81AFE /* StreamView.swift */ = {isa = PBXFileReference; lastKnownFileType = sourcecode.swift; path = StreamView.swift; sourceTree = "<group>"; };
		0416D0062B21189B00F81AFE /* HomeView.swift */ = {isa = PBXFileReference; lastKnownFileType = sourcecode.swift; path = HomeView.swift; sourceTree = "<group>"; };
		0416D0082B2118A900F81AFE /* MoreView.swift */ = {isa = PBXFileReference; lastKnownFileType = sourcecode.swift; path = MoreView.swift; sourceTree = "<group>"; };
		0416D00A2B211EB800F81AFE /* NoView.swift */ = {isa = PBXFileReference; lastKnownFileType = sourcecode.swift; path = NoView.swift; sourceTree = "<group>"; };
		0416D00C2B21214E00F81AFE /* ViewExtension.swift */ = {isa = PBXFileReference; lastKnownFileType = sourcecode.swift; path = ViewExtension.swift; sourceTree = "<group>"; };
		0416D00F2B2127FE00F81AFE /* RectSoundShape.swift */ = {isa = PBXFileReference; lastKnownFileType = sourcecode.swift; path = RectSoundShape.swift; sourceTree = "<group>"; };
		0416D0122B21522C00F81AFE /* NavigationBar.swift */ = {isa = PBXFileReference; lastKnownFileType = sourcecode.swift; path = NavigationBar.swift; sourceTree = "<group>"; };
		0416D0182B216C5B00F81AFE /* SocialMedia.swift */ = {isa = PBXFileReference; lastKnownFileType = sourcecode.swift; path = SocialMedia.swift; sourceTree = "<group>"; };
		0416D01B2B22016200F81AFE /* AboutUs.swift */ = {isa = PBXFileReference; lastKnownFileType = sourcecode.swift; path = AboutUs.swift; sourceTree = "<group>"; };
		0416D01E2B22099700F81AFE /* Language.swift */ = {isa = PBXFileReference; lastKnownFileType = sourcecode.swift; path = Language.swift; sourceTree = "<group>"; };
		0416D0262B223EE900F81AFE /* SquareShapeSound.swift */ = {isa = PBXFileReference; lastKnownFileType = sourcecode.swift; path = SquareShapeSound.swift; sourceTree = "<group>"; };
		0416D0292B223FE400F81AFE /* HomeGridItem.swift */ = {isa = PBXFileReference; lastKnownFileType = sourcecode.swift; path = HomeGridItem.swift; sourceTree = "<group>"; };
		0416D02C2B226C6B00F81AFE /* ThemesScreen.swift */ = {isa = PBXFileReference; lastKnownFileType = sourcecode.swift; path = ThemesScreen.swift; sourceTree = "<group>"; };
		0416D02F2B226D7E00F81AFE /* Themes.swift */ = {isa = PBXFileReference; lastKnownFileType = sourcecode.swift; path = Themes.swift; sourceTree = "<group>"; };
		0416D0322B2402D100F81AFE /* LibraryScreen.swift */ = {isa = PBXFileReference; lastKnownFileType = sourcecode.swift; path = LibraryScreen.swift; sourceTree = "<group>"; };
		0499BC042B28CA5F00CD7B9A /* AudioPlayerManager.swift */ = {isa = PBXFileReference; lastKnownFileType = sourcecode.swift; path = AudioPlayerManager.swift; sourceTree = "<group>"; };
/* End PBXFileReference section */

/* Begin PBXFrameworksBuildPhase section */
		0416CFB72B20B56000F81AFE /* Frameworks */ = {
			isa = PBXFrameworksBuildPhase;
			buildActionMask = 2147483647;
			files = (
			);
			runOnlyForDeploymentPostprocessing = 0;
		};
		0416CFCD2B20B56300F81AFE /* Frameworks */ = {
			isa = PBXFrameworksBuildPhase;
			buildActionMask = 2147483647;
			files = (
			);
			runOnlyForDeploymentPostprocessing = 0;
		};
		0416CFD72B20B56300F81AFE /* Frameworks */ = {
			isa = PBXFrameworksBuildPhase;
			buildActionMask = 2147483647;
			files = (
			);
			runOnlyForDeploymentPostprocessing = 0;
		};
/* End PBXFrameworksBuildPhase section */

/* Begin PBXGroup section */
		0416CFB12B20B56000F81AFE = {
			isa = PBXGroup;
			children = (
				0416CFBC2B20B56000F81AFE /* plusFM */,
				0416CFD32B20B56300F81AFE /* plusFMTests */,
				0416CFDD2B20B56300F81AFE /* plusFMUITests */,
				0416CFBB2B20B56000F81AFE /* Products */,
			);
			sourceTree = "<group>";
		};
		0416CFBB2B20B56000F81AFE /* Products */ = {
			isa = PBXGroup;
			children = (
				0416CFBA2B20B56000F81AFE /* plusFM.app */,
				0416CFD02B20B56300F81AFE /* plusFMTests.xctest */,
				0416CFDA2B20B56300F81AFE /* plusFMUITests.xctest */,
			);
			name = Products;
			sourceTree = "<group>";
		};
		0416CFBC2B20B56000F81AFE /* plusFM */ = {
			isa = PBXGroup;
			children = (
				0416D0012B21182800F81AFE /* Views */,
				0416CFF72B20F88300F81AFE /* Enums */,
				0416CFF12B20F1A100F81AFE /* Screens */,
				0416CFBD2B20B56000F81AFE /* plusFMApp.swift */,
				0416CFBF2B20B56000F81AFE /* ContentView.swift */,
				0416CFC12B20B56300F81AFE /* Assets.xcassets */,
				0416CFCB2B20B56300F81AFE /* Info.plist */,
				0416CFC82B20B56300F81AFE /* plusFM.xcdatamodeld */,
				0416CFC32B20B56300F81AFE /* Preview Content */,
				0416CFEF2B20D52500F81AFE /* Launch Screen.storyboard */,
			);
			path = plusFM;
			sourceTree = "<group>";
		};
		0416CFC32B20B56300F81AFE /* Preview Content */ = {
			isa = PBXGroup;
			children = (
				0416CFC42B20B56300F81AFE /* Preview Assets.xcassets */,
			);
			path = "Preview Content";
			sourceTree = "<group>";
		};
		0416CFD32B20B56300F81AFE /* plusFMTests */ = {
			isa = PBXGroup;
			children = (
				0416CFD42B20B56300F81AFE /* plusFMTests.swift */,
			);
			path = plusFMTests;
			sourceTree = "<group>";
		};
		0416CFDD2B20B56300F81AFE /* plusFMUITests */ = {
			isa = PBXGroup;
			children = (
				0416CFDE2B20B56300F81AFE /* plusFMUITests.swift */,
				0416CFE02B20B56300F81AFE /* plusFMUITestsLaunchTests.swift */,
			);
			path = plusFMUITests;
			sourceTree = "<group>";
		};
		0416CFF12B20F1A100F81AFE /* Screens */ = {
			isa = PBXGroup;
			children = (
				0499BC032B28CA5400CD7B9A /* AudioPlayer */,
				0416CFF22B20F1B600F81AFE /* TabBar */,
				0416D0112B21520E00F81AFE /* NavigationBar */,
				0416D01A2B22014800F81AFE /* AboutUs */,
				0416D01D2B22097F00F81AFE /* Language */,
				0416D0172B216C4500F81AFE /* SocialMediaIcons */,
				0416D00E2B2127C700F81AFE /* RectShapeSound */,
				0416D0252B223EC000F81AFE /* SquareShapeSound */,
				0416D0282B223FC500F81AFE /* HomeGridItem */,
				0416D0312B2402A800F81AFE /* LibraryScreen */,
				0416D02B2B226C4200F81AFE /* ThemesScreen */,
				0416D02E2B226D6A00F81AFE /* Themes */,
			);
			path = Screens;
			sourceTree = "<group>";
		};
		0416CFF22B20F1B600F81AFE /* TabBar */ = {
			isa = PBXGroup;
			children = (
				0416CFF32B20F1CE00F81AFE /* TabBar.swift */,
				0416CFFA2B21080000F81AFE /* CustomShape.swift */,
			);
			path = TabBar;
			sourceTree = "<group>";
		};
		0416CFF72B20F88300F81AFE /* Enums */ = {
			isa = PBXGroup;
			children = (
				0416CFF82B20F89600F81AFE /* Colors.swift */,
				0416D00C2B21214E00F81AFE /* ViewExtension.swift */,
			);
			path = Enums;
			sourceTree = "<group>";
		};
		0416D0002B21180E00F81AFE /* More */ = {
			isa = PBXGroup;
			children = (
				0416D0082B2118A900F81AFE /* MoreView.swift */,
			);
			path = More;
			sourceTree = "<group>";
		};
		0416D0012B21182800F81AFE /* Views */ = {
			isa = PBXGroup;
			children = (
				0416D0032B21183D00F81AFE /* Stream */,
				0416D0022B21183500F81AFE /* Home */,
				0416D0002B21180E00F81AFE /* More */,
				0416D00A2B211EB800F81AFE /* NoView.swift */,
			);
			path = Views;
			sourceTree = "<group>";
		};
		0416D0022B21183500F81AFE /* Home */ = {
			isa = PBXGroup;
			children = (
				0416D0062B21189B00F81AFE /* HomeView.swift */,
			);
			path = Home;
			sourceTree = "<group>";
		};
		0416D0032B21183D00F81AFE /* Stream */ = {
			isa = PBXGroup;
			children = (
				0416D0042B21188B00F81AFE /* StreamView.swift */,
			);
			path = Stream;
			sourceTree = "<group>";
		};
		0416D00E2B2127C700F81AFE /* RectShapeSound */ = {
			isa = PBXGroup;
			children = (
				0416D00F2B2127FE00F81AFE /* RectSoundShape.swift */,
			);
			path = RectShapeSound;
			sourceTree = "<group>";
		};
		0416D0112B21520E00F81AFE /* NavigationBar */ = {
			isa = PBXGroup;
			children = (
				0416D0122B21522C00F81AFE /* NavigationBar.swift */,
			);
			path = NavigationBar;
			sourceTree = "<group>";
		};
		0416D0172B216C4500F81AFE /* SocialMediaIcons */ = {
			isa = PBXGroup;
			children = (
				0416D0182B216C5B00F81AFE /* SocialMedia.swift */,
			);
			path = SocialMediaIcons;
			sourceTree = "<group>";
		};
		0416D01A2B22014800F81AFE /* AboutUs */ = {
			isa = PBXGroup;
			children = (
				0416D01B2B22016200F81AFE /* AboutUs.swift */,
			);
			path = AboutUs;
			sourceTree = "<group>";
		};
		0416D01D2B22097F00F81AFE /* Language */ = {
			isa = PBXGroup;
			children = (
				0416D01E2B22099700F81AFE /* Language.swift */,
			);
			path = Language;
			sourceTree = "<group>";
		};
		0416D0252B223EC000F81AFE /* SquareShapeSound */ = {
			isa = PBXGroup;
			children = (
				0416D0262B223EE900F81AFE /* SquareShapeSound.swift */,
			);
			path = SquareShapeSound;
			sourceTree = "<group>";
		};
		0416D0282B223FC500F81AFE /* HomeGridItem */ = {
			isa = PBXGroup;
			children = (
				0416D0292B223FE400F81AFE /* HomeGridItem.swift */,
			);
			path = HomeGridItem;
			sourceTree = "<group>";
		};
		0416D02B2B226C4200F81AFE /* ThemesScreen */ = {
			isa = PBXGroup;
			children = (
				0416D02C2B226C6B00F81AFE /* ThemesScreen.swift */,
			);
			path = ThemesScreen;
			sourceTree = "<group>";
		};
		0416D02E2B226D6A00F81AFE /* Themes */ = {
			isa = PBXGroup;
			children = (
				0416D02F2B226D7E00F81AFE /* Themes.swift */,
			);
			path = Themes;
			sourceTree = "<group>";
		};
		0416D0312B2402A800F81AFE /* LibraryScreen */ = {
			isa = PBXGroup;
			children = (
				0416D0322B2402D100F81AFE /* LibraryScreen.swift */,
			);
			path = LibraryScreen;
			sourceTree = "<group>";
		};
		0499BC032B28CA5400CD7B9A /* AudioPlayer */ = {
			isa = PBXGroup;
			children = (
				0499BC042B28CA5F00CD7B9A /* AudioPlayerManager.swift */,
			);
			path = AudioPlayer;
			sourceTree = "<group>";
		};
/* End PBXGroup section */

/* Begin PBXNativeTarget section */
		0416CFB92B20B56000F81AFE /* plusFM */ = {
			isa = PBXNativeTarget;
			buildConfigurationList = 0416CFE42B20B56300F81AFE /* Build configuration list for PBXNativeTarget "plusFM" */;
			buildPhases = (
				0416CFB62B20B56000F81AFE /* Sources */,
				0416CFB72B20B56000F81AFE /* Frameworks */,
				0416CFB82B20B56000F81AFE /* Resources */,
			);
			buildRules = (
			);
			dependencies = (
			);
			name = plusFM;
			productName = plusFM;
			productReference = 0416CFBA2B20B56000F81AFE /* plusFM.app */;
			productType = "com.apple.product-type.application";
		};
		0416CFCF2B20B56300F81AFE /* plusFMTests */ = {
			isa = PBXNativeTarget;
			buildConfigurationList = 0416CFE72B20B56300F81AFE /* Build configuration list for PBXNativeTarget "plusFMTests" */;
			buildPhases = (
				0416CFCC2B20B56300F81AFE /* Sources */,
				0416CFCD2B20B56300F81AFE /* Frameworks */,
				0416CFCE2B20B56300F81AFE /* Resources */,
			);
			buildRules = (
			);
			dependencies = (
				0416CFD22B20B56300F81AFE /* PBXTargetDependency */,
			);
			name = plusFMTests;
			productName = plusFMTests;
			productReference = 0416CFD02B20B56300F81AFE /* plusFMTests.xctest */;
			productType = "com.apple.product-type.bundle.unit-test";
		};
		0416CFD92B20B56300F81AFE /* plusFMUITests */ = {
			isa = PBXNativeTarget;
			buildConfigurationList = 0416CFEA2B20B56300F81AFE /* Build configuration list for PBXNativeTarget "plusFMUITests" */;
			buildPhases = (
				0416CFD62B20B56300F81AFE /* Sources */,
				0416CFD72B20B56300F81AFE /* Frameworks */,
				0416CFD82B20B56300F81AFE /* Resources */,
			);
			buildRules = (
			);
			dependencies = (
				0416CFDC2B20B56300F81AFE /* PBXTargetDependency */,
			);
			name = plusFMUITests;
			productName = plusFMUITests;
			productReference = 0416CFDA2B20B56300F81AFE /* plusFMUITests.xctest */;
			productType = "com.apple.product-type.bundle.ui-testing";
		};
/* End PBXNativeTarget section */

/* Begin PBXProject section */
		0416CFB22B20B56000F81AFE /* Project object */ = {
			isa = PBXProject;
			attributes = {
				BuildIndependentTargetsInParallel = 1;
				LastSwiftUpdateCheck = 1430;
				LastUpgradeCheck = 1430;
				TargetAttributes = {
					0416CFB92B20B56000F81AFE = {
						CreatedOnToolsVersion = 14.3.1;
					};
					0416CFCF2B20B56300F81AFE = {
						CreatedOnToolsVersion = 14.3.1;
						TestTargetID = 0416CFB92B20B56000F81AFE;
					};
					0416CFD92B20B56300F81AFE = {
						CreatedOnToolsVersion = 14.3.1;
						TestTargetID = 0416CFB92B20B56000F81AFE;
					};
				};
			};
			buildConfigurationList = 0416CFB52B20B56000F81AFE /* Build configuration list for PBXProject "plusFM" */;
			compatibilityVersion = "Xcode 14.0";
			developmentRegion = en;
			hasScannedForEncodings = 0;
			knownRegions = (
				en,
				Base,
			);
			mainGroup = 0416CFB12B20B56000F81AFE;
			productRefGroup = 0416CFBB2B20B56000F81AFE /* Products */;
			projectDirPath = "";
			projectRoot = "";
			targets = (
				0416CFB92B20B56000F81AFE /* plusFM */,
				0416CFCF2B20B56300F81AFE /* plusFMTests */,
				0416CFD92B20B56300F81AFE /* plusFMUITests */,
			);
		};
/* End PBXProject section */

/* Begin PBXResourcesBuildPhase section */
		0416CFB82B20B56000F81AFE /* Resources */ = {
			isa = PBXResourcesBuildPhase;
			buildActionMask = 2147483647;
			files = (
				0416CFF02B20D52500F81AFE /* Launch Screen.storyboard in Resources */,
				0416CFC52B20B56300F81AFE /* Preview Assets.xcassets in Resources */,
				0416CFC22B20B56300F81AFE /* Assets.xcassets in Resources */,
			);
			runOnlyForDeploymentPostprocessing = 0;
		};
		0416CFCE2B20B56300F81AFE /* Resources */ = {
			isa = PBXResourcesBuildPhase;
			buildActionMask = 2147483647;
			files = (
			);
			runOnlyForDeploymentPostprocessing = 0;
		};
		0416CFD82B20B56300F81AFE /* Resources */ = {
			isa = PBXResourcesBuildPhase;
			buildActionMask = 2147483647;
			files = (
			);
			runOnlyForDeploymentPostprocessing = 0;
		};
/* End PBXResourcesBuildPhase section */

/* Begin PBXSourcesBuildPhase section */
		0416CFB62B20B56000F81AFE /* Sources */ = {
			isa = PBXSourcesBuildPhase;
			buildActionMask = 2147483647;
			files = (
				0416D0072B21189B00F81AFE /* HomeView.swift in Sources */,
				0416D0332B2402D100F81AFE /* LibraryScreen.swift in Sources */,
				0416CFC02B20B56000F81AFE /* ContentView.swift in Sources */,
				0416CFF92B20F89600F81AFE /* Colors.swift in Sources */,
				0416D0102B2127FE00F81AFE /* RectSoundShape.swift in Sources */,
				0416D0132B21522C00F81AFE /* NavigationBar.swift in Sources */,
				0416D0052B21188B00F81AFE /* StreamView.swift in Sources */,
				0499BC052B28CA5F00CD7B9A /* AudioPlayerManager.swift in Sources */,
				0416CFCA2B20B56300F81AFE /* plusFM.xcdatamodeld in Sources */,
				0416CFBE2B20B56000F81AFE /* plusFMApp.swift in Sources */,
				0416D0192B216C5B00F81AFE /* SocialMedia.swift in Sources */,
				0416D02A2B223FE400F81AFE /* HomeGridItem.swift in Sources */,
				0416D00D2B21214E00F81AFE /* ViewExtension.swift in Sources */,
				0416D01C2B22016200F81AFE /* AboutUs.swift in Sources */,
				0416CFF42B20F1CE00F81AFE /* TabBar.swift in Sources */,
				0416D0302B226D7E00F81AFE /* Themes.swift in Sources */,
				0416D02D2B226C6B00F81AFE /* ThemesScreen.swift in Sources */,
				0416D00B2B211EB800F81AFE /* NoView.swift in Sources */,
				0416D01F2B22099700F81AFE /* Language.swift in Sources */,
				0416CFFB2B21080000F81AFE /* CustomShape.swift in Sources */,
				0416D0272B223EE900F81AFE /* SquareShapeSound.swift in Sources */,
				0416D0092B2118A900F81AFE /* MoreView.swift in Sources */,
			);
			runOnlyForDeploymentPostprocessing = 0;
		};
		0416CFCC2B20B56300F81AFE /* Sources */ = {
			isa = PBXSourcesBuildPhase;
			buildActionMask = 2147483647;
			files = (
				0416CFD52B20B56300F81AFE /* plusFMTests.swift in Sources */,
			);
			runOnlyForDeploymentPostprocessing = 0;
		};
		0416CFD62B20B56300F81AFE /* Sources */ = {
			isa = PBXSourcesBuildPhase;
			buildActionMask = 2147483647;
			files = (
				0416CFDF2B20B56300F81AFE /* plusFMUITests.swift in Sources */,
				0416CFE12B20B56300F81AFE /* plusFMUITestsLaunchTests.swift in Sources */,
			);
			runOnlyForDeploymentPostprocessing = 0;
		};
/* End PBXSourcesBuildPhase section */

/* Begin PBXTargetDependency section */
		0416CFD22B20B56300F81AFE /* PBXTargetDependency */ = {
			isa = PBXTargetDependency;
			target = 0416CFB92B20B56000F81AFE /* plusFM */;
			targetProxy = 0416CFD12B20B56300F81AFE /* PBXContainerItemProxy */;
		};
		0416CFDC2B20B56300F81AFE /* PBXTargetDependency */ = {
			isa = PBXTargetDependency;
			target = 0416CFB92B20B56000F81AFE /* plusFM */;
			targetProxy = 0416CFDB2B20B56300F81AFE /* PBXContainerItemProxy */;
		};
/* End PBXTargetDependency section */

/* Begin XCBuildConfiguration section */
		0416CFE22B20B56300F81AFE /* Debug */ = {
			isa = XCBuildConfiguration;
			buildSettings = {
				ALWAYS_SEARCH_USER_PATHS = NO;
				CLANG_ANALYZER_NONNULL = YES;
				CLANG_ANALYZER_NUMBER_OBJECT_CONVERSION = YES_AGGRESSIVE;
				CLANG_CXX_LANGUAGE_STANDARD = "gnu++20";
				CLANG_ENABLE_MODULES = YES;
				CLANG_ENABLE_OBJC_ARC = YES;
				CLANG_ENABLE_OBJC_WEAK = YES;
				CLANG_WARN_BLOCK_CAPTURE_AUTORELEASING = YES;
				CLANG_WARN_BOOL_CONVERSION = YES;
				CLANG_WARN_COMMA = YES;
				CLANG_WARN_CONSTANT_CONVERSION = YES;
				CLANG_WARN_DEPRECATED_OBJC_IMPLEMENTATIONS = YES;
				CLANG_WARN_DIRECT_OBJC_ISA_USAGE = YES_ERROR;
				CLANG_WARN_DOCUMENTATION_COMMENTS = YES;
				CLANG_WARN_EMPTY_BODY = YES;
				CLANG_WARN_ENUM_CONVERSION = YES;
				CLANG_WARN_INFINITE_RECURSION = YES;
				CLANG_WARN_INT_CONVERSION = YES;
				CLANG_WARN_NON_LITERAL_NULL_CONVERSION = YES;
				CLANG_WARN_OBJC_IMPLICIT_RETAIN_SELF = YES;
				CLANG_WARN_OBJC_LITERAL_CONVERSION = YES;
				CLANG_WARN_OBJC_ROOT_CLASS = YES_ERROR;
				CLANG_WARN_QUOTED_INCLUDE_IN_FRAMEWORK_HEADER = YES;
				CLANG_WARN_RANGE_LOOP_ANALYSIS = YES;
				CLANG_WARN_STRICT_PROTOTYPES = YES;
				CLANG_WARN_SUSPICIOUS_MOVE = YES;
				CLANG_WARN_UNGUARDED_AVAILABILITY = YES_AGGRESSIVE;
				CLANG_WARN_UNREACHABLE_CODE = YES;
				CLANG_WARN__DUPLICATE_METHOD_MATCH = YES;
				COPY_PHASE_STRIP = NO;
				DEBUG_INFORMATION_FORMAT = dwarf;
				ENABLE_STRICT_OBJC_MSGSEND = YES;
				ENABLE_TESTABILITY = YES;
				GCC_C_LANGUAGE_STANDARD = gnu11;
				GCC_DYNAMIC_NO_PIC = NO;
				GCC_NO_COMMON_BLOCKS = YES;
				GCC_OPTIMIZATION_LEVEL = 0;
				GCC_PREPROCESSOR_DEFINITIONS = (
					"DEBUG=1",
					"$(inherited)",
				);
				GCC_WARN_64_TO_32_BIT_CONVERSION = YES;
				GCC_WARN_ABOUT_RETURN_TYPE = YES_ERROR;
				GCC_WARN_UNDECLARED_SELECTOR = YES;
				GCC_WARN_UNINITIALIZED_AUTOS = YES_AGGRESSIVE;
				GCC_WARN_UNUSED_FUNCTION = YES;
				GCC_WARN_UNUSED_VARIABLE = YES;
				IPHONEOS_DEPLOYMENT_TARGET = 16.4;
				MTL_ENABLE_DEBUG_INFO = INCLUDE_SOURCE;
				MTL_FAST_MATH = YES;
				ONLY_ACTIVE_ARCH = YES;
				SDKROOT = iphoneos;
				SWIFT_ACTIVE_COMPILATION_CONDITIONS = DEBUG;
				SWIFT_OPTIMIZATION_LEVEL = "-Onone";
			};
			name = Debug;
		};
		0416CFE32B20B56300F81AFE /* Release */ = {
			isa = XCBuildConfiguration;
			buildSettings = {
				ALWAYS_SEARCH_USER_PATHS = NO;
				CLANG_ANALYZER_NONNULL = YES;
				CLANG_ANALYZER_NUMBER_OBJECT_CONVERSION = YES_AGGRESSIVE;
				CLANG_CXX_LANGUAGE_STANDARD = "gnu++20";
				CLANG_ENABLE_MODULES = YES;
				CLANG_ENABLE_OBJC_ARC = YES;
				CLANG_ENABLE_OBJC_WEAK = YES;
				CLANG_WARN_BLOCK_CAPTURE_AUTORELEASING = YES;
				CLANG_WARN_BOOL_CONVERSION = YES;
				CLANG_WARN_COMMA = YES;
				CLANG_WARN_CONSTANT_CONVERSION = YES;
				CLANG_WARN_DEPRECATED_OBJC_IMPLEMENTATIONS = YES;
				CLANG_WARN_DIRECT_OBJC_ISA_USAGE = YES_ERROR;
				CLANG_WARN_DOCUMENTATION_COMMENTS = YES;
				CLANG_WARN_EMPTY_BODY = YES;
				CLANG_WARN_ENUM_CONVERSION = YES;
				CLANG_WARN_INFINITE_RECURSION = YES;
				CLANG_WARN_INT_CONVERSION = YES;
				CLANG_WARN_NON_LITERAL_NULL_CONVERSION = YES;
				CLANG_WARN_OBJC_IMPLICIT_RETAIN_SELF = YES;
				CLANG_WARN_OBJC_LITERAL_CONVERSION = YES;
				CLANG_WARN_OBJC_ROOT_CLASS = YES_ERROR;
				CLANG_WARN_QUOTED_INCLUDE_IN_FRAMEWORK_HEADER = YES;
				CLANG_WARN_RANGE_LOOP_ANALYSIS = YES;
				CLANG_WARN_STRICT_PROTOTYPES = YES;
				CLANG_WARN_SUSPICIOUS_MOVE = YES;
				CLANG_WARN_UNGUARDED_AVAILABILITY = YES_AGGRESSIVE;
				CLANG_WARN_UNREACHABLE_CODE = YES;
				CLANG_WARN__DUPLICATE_METHOD_MATCH = YES;
				COPY_PHASE_STRIP = NO;
				DEBUG_INFORMATION_FORMAT = "dwarf-with-dsym";
				ENABLE_NS_ASSERTIONS = NO;
				ENABLE_STRICT_OBJC_MSGSEND = YES;
				GCC_C_LANGUAGE_STANDARD = gnu11;
				GCC_NO_COMMON_BLOCKS = YES;
				GCC_WARN_64_TO_32_BIT_CONVERSION = YES;
				GCC_WARN_ABOUT_RETURN_TYPE = YES_ERROR;
				GCC_WARN_UNDECLARED_SELECTOR = YES;
				GCC_WARN_UNINITIALIZED_AUTOS = YES_AGGRESSIVE;
				GCC_WARN_UNUSED_FUNCTION = YES;
				GCC_WARN_UNUSED_VARIABLE = YES;
				IPHONEOS_DEPLOYMENT_TARGET = 16.4;
				MTL_ENABLE_DEBUG_INFO = NO;
				MTL_FAST_MATH = YES;
				SDKROOT = iphoneos;
				SWIFT_COMPILATION_MODE = wholemodule;
				SWIFT_OPTIMIZATION_LEVEL = "-O";
				VALIDATE_PRODUCT = YES;
			};
			name = Release;
		};
		0416CFE52B20B56300F81AFE /* Debug */ = {
			isa = XCBuildConfiguration;
			buildSettings = {
				ASSETCATALOG_COMPILER_APPICON_NAME = AppIcon;
				ASSETCATALOG_COMPILER_GLOBAL_ACCENT_COLOR_NAME = AccentColor;
				CODE_SIGN_STYLE = Automatic;
				CURRENT_PROJECT_VERSION = 1;
				DEVELOPMENT_ASSET_PATHS = "\"plusFM/Preview Content\"";
				ENABLE_PREVIEWS = YES;
				GENERATE_INFOPLIST_FILE = YES;
				INFOPLIST_KEY_UIApplicationSceneManifest_Generation = YES;
				INFOPLIST_KEY_UIApplicationSupportsIndirectInputEvents = YES;
				INFOPLIST_KEY_UILaunchScreen_Generation = YES;
				INFOPLIST_KEY_UILaunchStoryboardName = "Launch Screen.storyboard";
				INFOPLIST_KEY_UISupportedInterfaceOrientations_iPad = "UIInterfaceOrientationPortrait UIInterfaceOrientationPortraitUpsideDown UIInterfaceOrientationLandscapeLeft UIInterfaceOrientationLandscapeRight";
				INFOPLIST_KEY_UISupportedInterfaceOrientations_iPhone = "UIInterfaceOrientationPortrait UIInterfaceOrientationLandscapeLeft UIInterfaceOrientationLandscapeRight";
				LD_RUNPATH_SEARCH_PATHS = (
					"$(inherited)",
					"@executable_path/Frameworks",
				);
				MARKETING_VERSION = 1.0;
				PRODUCT_BUNDLE_IDENTIFIER = MyProjects.plusFM;
				PRODUCT_NAME = "$(TARGET_NAME)";
				SWIFT_EMIT_LOC_STRINGS = YES;
				SWIFT_VERSION = 5.0;
				TARGETED_DEVICE_FAMILY = "1,2";
			};
			name = Debug;
		};
		0416CFE62B20B56300F81AFE /* Release */ = {
			isa = XCBuildConfiguration;
			buildSettings = {
				ASSETCATALOG_COMPILER_APPICON_NAME = AppIcon;
				ASSETCATALOG_COMPILER_GLOBAL_ACCENT_COLOR_NAME = AccentColor;
				CODE_SIGN_STYLE = Automatic;
				CURRENT_PROJECT_VERSION = 1;
				DEVELOPMENT_ASSET_PATHS = "\"plusFM/Preview Content\"";
				ENABLE_PREVIEWS = YES;
				GENERATE_INFOPLIST_FILE = YES;
				INFOPLIST_KEY_UIApplicationSceneManifest_Generation = YES;
				INFOPLIST_KEY_UIApplicationSupportsIndirectInputEvents = YES;
				INFOPLIST_KEY_UILaunchScreen_Generation = YES;
				INFOPLIST_KEY_UILaunchStoryboardName = "Launch Screen.storyboard";
				INFOPLIST_KEY_UISupportedInterfaceOrientations_iPad = "UIInterfaceOrientationPortrait UIInterfaceOrientationPortraitUpsideDown UIInterfaceOrientationLandscapeLeft UIInterfaceOrientationLandscapeRight";
				INFOPLIST_KEY_UISupportedInterfaceOrientations_iPhone = "UIInterfaceOrientationPortrait UIInterfaceOrientationLandscapeLeft UIInterfaceOrientationLandscapeRight";
				LD_RUNPATH_SEARCH_PATHS = (
					"$(inherited)",
					"@executable_path/Frameworks",
				);
				MARKETING_VERSION = 1.0;
				PRODUCT_BUNDLE_IDENTIFIER = MyProjects.plusFM;
				PRODUCT_NAME = "$(TARGET_NAME)";
				SWIFT_EMIT_LOC_STRINGS = YES;
				SWIFT_VERSION = 5.0;
				TARGETED_DEVICE_FAMILY = "1,2";
			};
			name = Release;
		};
		0416CFE82B20B56300F81AFE /* Debug */ = {
			isa = XCBuildConfiguration;
			buildSettings = {
				ALWAYS_EMBED_SWIFT_STANDARD_LIBRARIES = YES;
				BUNDLE_LOADER = "$(TEST_HOST)";
				CODE_SIGN_STYLE = Automatic;
				CURRENT_PROJECT_VERSION = 1;
				GENERATE_INFOPLIST_FILE = YES;
				IPHONEOS_DEPLOYMENT_TARGET = 16.4;
				MARKETING_VERSION = 1.0;
				PRODUCT_BUNDLE_IDENTIFIER = MyProjects.plusFMTests;
				PRODUCT_NAME = "$(TARGET_NAME)";
				SWIFT_EMIT_LOC_STRINGS = NO;
				SWIFT_VERSION = 5.0;
				TARGETED_DEVICE_FAMILY = "1,2";
				TEST_HOST = "$(BUILT_PRODUCTS_DIR)/plusFM.app/$(BUNDLE_EXECUTABLE_FOLDER_PATH)/plusFM";
			};
			name = Debug;
		};
		0416CFE92B20B56300F81AFE /* Release */ = {
			isa = XCBuildConfiguration;
			buildSettings = {
				ALWAYS_EMBED_SWIFT_STANDARD_LIBRARIES = YES;
				BUNDLE_LOADER = "$(TEST_HOST)";
				CODE_SIGN_STYLE = Automatic;
				CURRENT_PROJECT_VERSION = 1;
				GENERATE_INFOPLIST_FILE = YES;
				IPHONEOS_DEPLOYMENT_TARGET = 16.4;
				MARKETING_VERSION = 1.0;
				PRODUCT_BUNDLE_IDENTIFIER = MyProjects.plusFMTests;
				PRODUCT_NAME = "$(TARGET_NAME)";
				SWIFT_EMIT_LOC_STRINGS = NO;
				SWIFT_VERSION = 5.0;
				TARGETED_DEVICE_FAMILY = "1,2";
				TEST_HOST = "$(BUILT_PRODUCTS_DIR)/plusFM.app/$(BUNDLE_EXECUTABLE_FOLDER_PATH)/plusFM";
			};
			name = Release;
		};
		0416CFEB2B20B56300F81AFE /* Debug */ = {
			isa = XCBuildConfiguration;
			buildSettings = {
				ALWAYS_EMBED_SWIFT_STANDARD_LIBRARIES = YES;
				CODE_SIGN_STYLE = Automatic;
				CURRENT_PROJECT_VERSION = 1;
				GENERATE_INFOPLIST_FILE = YES;
				MARKETING_VERSION = 1.0;
				PRODUCT_BUNDLE_IDENTIFIER = MyProjects.plusFMUITests;
				PRODUCT_NAME = "$(TARGET_NAME)";
				SWIFT_EMIT_LOC_STRINGS = NO;
				SWIFT_VERSION = 5.0;
				TARGETED_DEVICE_FAMILY = "1,2";
				TEST_TARGET_NAME = plusFM;
			};
			name = Debug;
		};
		0416CFEC2B20B56300F81AFE /* Release */ = {
			isa = XCBuildConfiguration;
			buildSettings = {
				ALWAYS_EMBED_SWIFT_STANDARD_LIBRARIES = YES;
				CODE_SIGN_STYLE = Automatic;
				CURRENT_PROJECT_VERSION = 1;
				GENERATE_INFOPLIST_FILE = YES;
				MARKETING_VERSION = 1.0;
				PRODUCT_BUNDLE_IDENTIFIER = MyProjects.plusFMUITests;
				PRODUCT_NAME = "$(TARGET_NAME)";
				SWIFT_EMIT_LOC_STRINGS = NO;
				SWIFT_VERSION = 5.0;
				TARGETED_DEVICE_FAMILY = "1,2";
				TEST_TARGET_NAME = plusFM;
			};
			name = Release;
		};
/* End XCBuildConfiguration section */

/* Begin XCConfigurationList section */
		0416CFB52B20B56000F81AFE /* Build configuration list for PBXProject "plusFM" */ = {
			isa = XCConfigurationList;
			buildConfigurations = (
				0416CFE22B20B56300F81AFE /* Debug */,
				0416CFE32B20B56300F81AFE /* Release */,
			);
			defaultConfigurationIsVisible = 0;
			defaultConfigurationName = Release;
		};
		0416CFE42B20B56300F81AFE /* Build configuration list for PBXNativeTarget "plusFM" */ = {
			isa = XCConfigurationList;
			buildConfigurations = (
				0416CFE52B20B56300F81AFE /* Debug */,
				0416CFE62B20B56300F81AFE /* Release */,
			);
			defaultConfigurationIsVisible = 0;
			defaultConfigurationName = Release;
		};
		0416CFE72B20B56300F81AFE /* Build configuration list for PBXNativeTarget "plusFMTests" */ = {
			isa = XCConfigurationList;
			buildConfigurations = (
				0416CFE82B20B56300F81AFE /* Debug */,
				0416CFE92B20B56300F81AFE /* Release */,
			);
			defaultConfigurationIsVisible = 0;
			defaultConfigurationName = Release;
		};
		0416CFEA2B20B56300F81AFE /* Build configuration list for PBXNativeTarget "plusFMUITests" */ = {
			isa = XCConfigurationList;
			buildConfigurations = (
				0416CFEB2B20B56300F81AFE /* Debug */,
				0416CFEC2B20B56300F81AFE /* Release */,
			);
			defaultConfigurationIsVisible = 0;
			defaultConfigurationName = Release;
		};
/* End XCConfigurationList section */

/* Begin XCVersionGroup section */
		0416CFC82B20B56300F81AFE /* plusFM.xcdatamodeld */ = {
			isa = XCVersionGroup;
			children = (
				0416CFC92B20B56300F81AFE /* plusFM.xcdatamodel */,
			);
			currentVersion = 0416CFC92B20B56300F81AFE /* plusFM.xcdatamodel */;
			path = plusFM.xcdatamodeld;
			sourceTree = "<group>";
			versionGroupType = wrapper.xcdatamodel;
		};
/* End XCVersionGroup section */
	};
	rootObject = 0416CFB22B20B56000F81AFE /* Project object */;
}
